
Microsoft Visual Studio Solution File, Format Version 12.00
# Visual Studio Version 17
VisualStudioVersion = 17.6.33801.468
MinimumVisualStudioVersion = 10.0.40219.1
Project("{FAE04EC0-301F-11D3-BF4B-00C04F79EFBC}") = "Checkpoint1", "Checkpoint1\Checkpoint1.csproj", "{AB44FC2A-FC35-44E1-BA68-AA4C5DB5A67B}"
EndProject
Project("{FAE04EC0-301F-11D3-BF4B-00C04F79EFBC}") = "Chekpoint1Console", "Chekpoint1Console\Chekpoint1Console.csproj", "{B9B66BFD-EEE9-429D-AC99-BE623914E8F4}"
EndProject
Global
	GlobalSection(SolutionConfigurationPlatforms) = preSolution
		Debug|Any CPU = Debug|Any CPU
		Release|Any CPU = Release|Any CPU
	EndGlobalSection
	GlobalSection(ProjectConfigurationPlatforms) = postSolution
		{AB44FC2A-FC35-44E1-BA68-AA4C5DB5A67B}.Debug|Any CPU.ActiveCfg = Debug|Any CPU
		{AB44FC2A-FC35-44E1-BA68-AA4C5DB5A67B}.Debug|Any CPU.Build.0 = Debug|Any CPU
		{AB44FC2A-FC35-44E1-BA68-AA4C5DB5A67B}.Release|Any CPU.ActiveCfg = Release|Any CPU
		{AB44FC2A-FC35-44E1-BA68-AA4C5DB5A67B}.Release|Any CPU.Build.0 = Release|Any CPU
		{B9B66BFD-EEE9-429D-AC99-BE623914E8F4}.Debug|Any CPU.ActiveCfg = Debug|Any CPU
		{B9B66BFD-EEE9-429D-AC99-BE623914E8F4}.Debug|Any CPU.Build.0 = Debug|Any CPU
		{B9B66BFD-EEE9-429D-AC99-BE623914E8F4}.Release|Any CPU.ActiveCfg = Release|Any CPU
		{B9B66BFD-EEE9-429D-AC99-BE623914E8F4}.Release|Any CPU.Build.0 = Release|Any CPU
	EndGlobalSection
	GlobalSection(SolutionProperties) = preSolution
		HideSolutionNode = FALSE
	EndGlobalSection
	GlobalSection(ExtensibilityGlobals) = postSolution
		SolutionGuid = {573B5DBC-3396-4BF2-9314-7040892D59CE}
	EndGlobalSection
EndGlobal
